
Microsoft Visual Studio Solution File, Format Version 12.00
# Visual Studio 15
VisualStudioVersion = 15.0.28307.1169
MinimumVisualStudioVersion = 10.0.40219.1
Project("{FAE04EC0-301F-11D3-BF4B-00C04F79EFBC}") = "Odev", "Odev\Odev.csproj", "{ADD6F2A9-D302-4F71-B146-5CB7AC8812B4}"
EndProject
Global
	GlobalSection(SolutionConfigurationPlatforms) = preSolution
		Debug|Any CPU = Debug|Any CPU
		Release|Any CPU = Release|Any CPU
	EndGlobalSection
	GlobalSection(ProjectConfigurationPlatforms) = postSolution
		{ADD6F2A9-D302-4F71-B146-5CB7AC8812B4}.Debug|Any CPU.ActiveCfg = Debug|Any CPU
		{ADD6F2A9-D302-4F71-B146-5CB7AC8812B4}.Debug|Any CPU.Build.0 = Debug|Any CPU
		{ADD6F2A9-D302-4F71-B146-5CB7AC8812B4}.Release|Any CPU.ActiveCfg = Release|Any CPU
		{ADD6F2A9-D302-4F71-B146-5CB7AC8812B4}.Release|Any CPU.Build.0 = Release|Any CPU
	EndGlobalSection
	GlobalSection(SolutionProperties) = preSolution
		HideSolutionNode = FALSE
	EndGlobalSection
	GlobalSection(ExtensibilityGlobals) = postSolution
		SolutionGuid = {00D28ADC-4D95-4D75-B841-C88AA2FCB393}
	EndGlobalSection
EndGlobal
